
Microsoft Visual Studio Solution File, Format Version 12.00
# Visual Studio Version 17
VisualStudioVersion = 17.14.36518.9 d17.14
MinimumVisualStudioVersion = 10.0.40219.1
Project("{FAE04EC0-301F-11D3-BF4B-00C04F79EFBC}") = "DataVolumeManager", "DataVolumeManager\DataVolumeManager.csproj", "{3AAAAAF4-DCFE-4A96-892A-8A357F0663C6}"
EndProject
Global
	GlobalSection(SolutionConfigurationPlatforms) = preSolution
		Debug|Any CPU = Debug|Any CPU
		Release|Any CPU = Release|Any CPU
	EndGlobalSection
	GlobalSection(ProjectConfigurationPlatforms) = postSolution
		{3AAAAAF4-DCFE-4A96-892A-8A357F0663C6}.Debug|Any CPU.ActiveCfg = Debug|Any CPU
		{3AAAAAF4-DCFE-4A96-892A-8A357F0663C6}.Debug|Any CPU.Build.0 = Debug|Any CPU
		{3AAAAAF4-DCFE-4A96-892A-8A357F0663C6}.Release|Any CPU.ActiveCfg = Release|Any CPU
		{3AAAAAF4-DCFE-4A96-892A-8A357F0663C6}.Release|Any CPU.Build.0 = Release|Any CPU
	EndGlobalSection
	GlobalSection(SolutionProperties) = preSolution
		HideSolutionNode = FALSE
	EndGlobalSection
	GlobalSection(ExtensibilityGlobals) = postSolution
		SolutionGuid = {986361C6-382A-4294-B031-C866E0223DDD}
	EndGlobalSection
EndGlobal
